{
  "name": "@gershy/util-retry",
  "version": "0.0.20",
  "lockfileVersion": 3,
  "requires": true,
  "packages": {
    "": {
      "name": "@gershy/util-retry",
      "version": "0.0.20",
      "license": "ISC",
      "devDependencies": {
        "@gershy/entry": "^0.0.19",
        "@gershy/logger": "^0.0.17",
        "@types/node": "^24.10.1"
      },
      "peerDependencies": {
        "@gershy/clearing": "^0.0.49"
      }
    },
    "node_modules/@gershy/clearing": {
      "version": "0.0.49",
      "resolved": "https://registry.npmjs.org/@gershy/clearing/-/clearing-0.0.49.tgz",
      "integrity": "sha512-4CViY/OxX75vm/Arqdk+KYsxyalMEbkH1bld2miXzxpbJLUCg8HIbauTge8BQdrq3vLVoQoXr2vyrADdLwXeaw==",
      "peer": true
    },
    "node_modules/@gershy/entry": {
      "version": "0.0.19",
      "resolved": "https://registry.npmjs.org/@gershy/entry/-/entry-0.0.19.tgz",
      "integrity": "sha512-YWdulIVo7ZyDN0AEYQjf0iJfsMLjNHFJbF7FWqr2DS9RDEKe96aMhM/gM7S7fZtvtDtZgjSZe3aPO3RQTosqtw==",
      "dev": true,
      "dependencies": {
        "@gershy/logger": "^0.0.17",
        "@gershy/util-codec-parse": "^0.0.17"
      },
      "peerDependencies": {
        "@gershy/clearing": "^0.0.49"
      }
    },
    "node_modules/@gershy/logger": {
      "version": "0.0.17",
      "resolved": "https://registry.npmjs.org/@gershy/logger/-/logger-0.0.17.tgz",
      "integrity": "sha512-QQUS6NeMf4hLVb8KwkzmmvXNLoYobr/3KQhfNVsQZeMWflIyspksp2qeZaCtWP59ewvFSRO68rwItFM/vaouvw==",
      "dev": true,
      "peerDependencies": {
        "@gershy/clearing": "^0.0.49"
      }
    },
    "node_modules/@gershy/util-codec-parse": {
      "version": "0.0.17",
      "resolved": "https://registry.npmjs.org/@gershy/util-codec-parse/-/util-codec-parse-0.0.17.tgz",
      "integrity": "sha512-jHUfrCbEZN3OqilwR5Sjh8vfqV5+LgStO03JV9ROn6ZEDDbpedNYTj2y+pa3WXvbzITiTJRHdeONfaun7KtXmQ==",
      "dev": true,
      "peerDependencies": {
        "@gershy/clearing": "^0.0.49"
      }
    },
    "node_modules/@types/node": {
      "version": "24.13.3",
      "resolved": "https://registry.npmjs.org/@types/node/-/node-24.13.3.tgz",
      "integrity": "sha512-Dh8vAsV36ig5wa9OX4pXvMc9D3Veibfw2wix0CUwYODLD8nkj9UsLjASr49nPg+2eKzxhBV+v7L8pXvT4e639Q==",
      "dev": true,
      "dependencies": {
        "undici-types": "~7.18.0"
      }
    },
    "node_modules/undici-types": {
      "version": "7.18.2",
      "resolved": "https://registry.npmjs.org/undici-types/-/undici-types-7.18.2.tgz",
      "integrity": "sha512-AsuCzffGHJybSaRrmr5eHr81mwJU3kjw6M+uprWvCXiNeN9SOGwQ3Jn8jb8m3Z6izVgknn1R0FTCEAP2QrLY/w==",
      "dev": true
    }
  }
}
