{
  "name": "@gershy/util-retry",
  "version": "0.0.22",
  "lockfileVersion": 3,
  "requires": true,
  "packages": {
    "": {
      "name": "@gershy/util-retry",
      "version": "0.0.22",
      "license": "ISC",
      "devDependencies": {
        "@gershy/entry": "^0.0.21",
        "@gershy/logger": "^0.0.19",
        "@types/node": "^24.10.1"
      },
      "peerDependencies": {
        "@gershy/clearing": "^0.0.51"
      }
    },
    "node_modules/@gershy/clearing": {
      "version": "0.0.51",
      "resolved": "https://registry.npmjs.org/@gershy/clearing/-/clearing-0.0.51.tgz",
      "integrity": "sha512-fcFu/BDDAD3mcTehXvVjTSmClWx/Tg7MIBqShlxBZdurfq22sV9fS1zYsGfsfs+eIoRWm1UXAcjaKX2JW2piDQ==",
      "peer": true
    },
    "node_modules/@gershy/entry": {
      "version": "0.0.21",
      "resolved": "https://registry.npmjs.org/@gershy/entry/-/entry-0.0.21.tgz",
      "integrity": "sha512-lwiO/sb7fRA8Ev1VBZCuWoXsphHlpHyoC6QMJORvpFTt/Ui/xKzFm2MMylRY8/HgrNpHT3M+Llbj2a8vM+NPnQ==",
      "dev": true,
      "dependencies": {
        "@gershy/logger": "^0.0.19",
        "@gershy/util-codec-parse": "^0.0.19"
      },
      "peerDependencies": {
        "@gershy/clearing": "^0.0.51"
      }
    },
    "node_modules/@gershy/logger": {
      "version": "0.0.19",
      "resolved": "https://registry.npmjs.org/@gershy/logger/-/logger-0.0.19.tgz",
      "integrity": "sha512-McEINwlbCHdqcNKCtZ0m0/DEwTOGlFHytEMlgWctmW2l/vv3flobaYBa22cB4mLQUT7JLwOPyFNB/iic5hbBPQ==",
      "dev": true,
      "peerDependencies": {
        "@gershy/clearing": "^0.0.51"
      }
    },
    "node_modules/@gershy/util-codec-parse": {
      "version": "0.0.19",
      "resolved": "https://registry.npmjs.org/@gershy/util-codec-parse/-/util-codec-parse-0.0.19.tgz",
      "integrity": "sha512-4W0gN0tYyhOPVbPyTpKMU4XtIWjsqczqEuXfzWHd9r5PmwFTLGfXHrOBtY0P3PYbotL0NYW1sbMnAXWm4ZV1WA==",
      "dev": true,
      "peerDependencies": {
        "@gershy/clearing": "^0.0.51"
      }
    },
    "node_modules/@types/node": {
      "version": "24.13.3",
      "resolved": "https://registry.npmjs.org/@types/node/-/node-24.13.3.tgz",
      "integrity": "sha512-Dh8vAsV36ig5wa9OX4pXvMc9D3Veibfw2wix0CUwYODLD8nkj9UsLjASr49nPg+2eKzxhBV+v7L8pXvT4e639Q==",
      "dev": true,
      "dependencies": {
        "undici-types": "~7.18.0"
      }
    },
    "node_modules/undici-types": {
      "version": "7.18.2",
      "resolved": "https://registry.npmjs.org/undici-types/-/undici-types-7.18.2.tgz",
      "integrity": "sha512-AsuCzffGHJybSaRrmr5eHr81mwJU3kjw6M+uprWvCXiNeN9SOGwQ3Jn8jb8m3Z6izVgknn1R0FTCEAP2QrLY/w==",
      "dev": true
    }
  }
}
